# This file is autogenerated, do not edit; changes may be undone by the next 'dep ensure'.


[[projects]]
  branch = "master"
  name = "bitbucket.org/zombiezen/cardcpx"
  packages = ["natsort"]
  revision = "902f68ff43ef38482b3a747c71193c3ac7f9ff62"

[[projects]]
  branch = "master"
  name = "github.com/docker/distribution"
  packages = [
    ".",
    "digestset",
    "manifest",
    "manifest/schema1",
    "manifest/schema2",
    "reference"
  ]
  revision = "23bef416bdd6dcff90083288c284367cf6af955e"

[[projects]]
  branch = "master"
  name = "github.com/docker/libtrust"
  packages = ["."]
  revision = "aabc10ec26b754e797f9028f4589c5b7bd90dc20"

[[projects]]
  name = "github.com/docopt/docopt-go"
  packages = ["."]
  revision = "784ddc588536785e7299f7272f39101f7faccc3f"
  version = "0.6.2"

[[projects]]
  branch = "master"
  name = "github.com/heroku/docker-registry-client"
  packages = ["registry"]
  revision = "fd2fe803496897db70c236ee244f41487ea92ec2"

[[projects]]
  name = "github.com/opencontainers/go-digest"
  packages = ["."]
  revision = "279bed98673dd5bef374d3b6e4b09e2af76183bf"
  version = "v1.0.0-rc1"

[[projects]]
  name = "github.com/sirupsen/logrus"
  packages = ["."]
  revision = "c155da19408a8799da419ed3eeb0cb5db0ad5dbc"
  version = "v1.0.5"

[[projects]]
  branch = "master"
  name = "golang.org/x/crypto"
  packages = ["ssh/terminal"]
  revision = "88942b9c40a4c9d203b82b3731787b672d6e809b"

[[projects]]
  branch = "master"
  name = "golang.org/x/sys"
  packages = [
    "unix",
    "windows"
  ]
  revision = "91ee8cde435411ca3f1cd365e8f20131aed4d0a1"

[solve-meta]
  analyzer-name = "dep"
  analyzer-version = 1
  inputs-digest = "3d7548d546900a10d8443dbed08459b4d77b0c54a8c3a07fd83a405f4565f427"
  solver-name = "gps-cdcl"
  solver-version = 1
